
Microsoft Visual Studio Solution File, Format Version 12.00
# Visual Studio Version 17
VisualStudioVersion = 17.6.33829.357
MinimumVisualStudioVersion = 10.0.40219.1
Project("{9A19103F-16F7-4668-BE54-9A1E7A4F7556}") = "Day01", "Day01\Day01.csproj", "{F469174A-4230-4D4A-BB0C-587D86B7BA57}"
EndProject
Project("{9A19103F-16F7-4668-BE54-9A1E7A4F7556}") = "Day02", "Day02\Day02.csproj", "{260569BD-9382-426E-8BE4-A9E9755C4CAF}"
EndProject
Project("{9A19103F-16F7-4668-BE54-9A1E7A4F7556}") = "Day03", "Day03\Day03.csproj", "{C9EC3988-8594-4140-B820-2977E0D649AE}"
EndProject
Project("{9A19103F-16F7-4668-BE54-9A1E7A4F7556}") = "Day04", "Day04\Day04.csproj", "{BB8D99A4-D1C9-4DCC-A38B-A943185BBE1C}"
EndProject
Project("{2150E333-8FDC-42A3-9474-1A3956D46DE8}") = "Solution Items", "Solution Items", "{A54165DC-00F5-49AD-A9A6-8999CCE47624}"
	ProjectSection(SolutionItems) = preProject
		Notes.md = Notes.md
	EndProjectSection
EndProject
Project("{FAE04EC0-301F-11D3-BF4B-00C04F79EFBC}") = "Day05", "Day05\Day05.csproj", "{4B5069A7-D81A-4E17-9813-9BF8D6B7D7B4}"
EndProject
Global
	GlobalSection(SolutionConfigurationPlatforms) = preSolution
		Debug|Any CPU = Debug|Any CPU
		Release|Any CPU = Release|Any CPU
	EndGlobalSection
	GlobalSection(ProjectConfigurationPlatforms) = postSolution
		{F469174A-4230-4D4A-BB0C-587D86B7BA57}.Debug|Any CPU.ActiveCfg = Debug|Any CPU
		{F469174A-4230-4D4A-BB0C-587D86B7BA57}.Debug|Any CPU.Build.0 = Debug|Any CPU
		{F469174A-4230-4D4A-BB0C-587D86B7BA57}.Release|Any CPU.ActiveCfg = Release|Any CPU
		{F469174A-4230-4D4A-BB0C-587D86B7BA57}.Release|Any CPU.Build.0 = Release|Any CPU
		{260569BD-9382-426E-8BE4-A9E9755C4CAF}.Debug|Any CPU.ActiveCfg = Debug|Any CPU
		{260569BD-9382-426E-8BE4-A9E9755C4CAF}.Debug|Any CPU.Build.0 = Debug|Any CPU
		{260569BD-9382-426E-8BE4-A9E9755C4CAF}.Release|Any CPU.ActiveCfg = Release|Any CPU
		{260569BD-9382-426E-8BE4-A9E9755C4CAF}.Release|Any CPU.Build.0 = Release|Any CPU
		{C9EC3988-8594-4140-B820-2977E0D649AE}.Debug|Any CPU.ActiveCfg = Debug|Any CPU
		{C9EC3988-8594-4140-B820-2977E0D649AE}.Debug|Any CPU.Build.0 = Debug|Any CPU
		{C9EC3988-8594-4140-B820-2977E0D649AE}.Release|Any CPU.ActiveCfg = Release|Any CPU
		{C9EC3988-8594-4140-B820-2977E0D649AE}.Release|Any CPU.Build.0 = Release|Any CPU
		{BB8D99A4-D1C9-4DCC-A38B-A943185BBE1C}.Debug|Any CPU.ActiveCfg = Debug|Any CPU
		{BB8D99A4-D1C9-4DCC-A38B-A943185BBE1C}.Debug|Any CPU.Build.0 = Debug|Any CPU
		{BB8D99A4-D1C9-4DCC-A38B-A943185BBE1C}.Release|Any CPU.ActiveCfg = Release|Any CPU
		{BB8D99A4-D1C9-4DCC-A38B-A943185BBE1C}.Release|Any CPU.Build.0 = Release|Any CPU
		{4B5069A7-D81A-4E17-9813-9BF8D6B7D7B4}.Debug|Any CPU.ActiveCfg = Debug|Any CPU
		{4B5069A7-D81A-4E17-9813-9BF8D6B7D7B4}.Debug|Any CPU.Build.0 = Debug|Any CPU
		{4B5069A7-D81A-4E17-9813-9BF8D6B7D7B4}.Release|Any CPU.ActiveCfg = Release|Any CPU
		{4B5069A7-D81A-4E17-9813-9BF8D6B7D7B4}.Release|Any CPU.Build.0 = Release|Any CPU
	EndGlobalSection
	GlobalSection(SolutionProperties) = preSolution
		HideSolutionNode = FALSE
	EndGlobalSection
	GlobalSection(ExtensibilityGlobals) = postSolution
		SolutionGuid = {52CA1056-144F-44EE-925A-EA2FA66CBB9D}
	EndGlobalSection
EndGlobal
